
Microsoft Visual Studio Solution File, Format Version 12.00
# Visual Studio Version 17
VisualStudioVersion = 17.5.33627.172
MinimumVisualStudioVersion = 10.0.40219.1
Project("{9A19103F-16F7-4668-BE54-9A1E7A4F7556}") = "GreenGardenCampsiteManagementAPI", "GreenGardenCampsiteManagementAPI\GreenGardenCampsiteManagementAPI.csproj", "{DE615406-AB56-4760-8E20-1A8B0090EE8E}"
EndProject
Project("{FAE04EC0-301F-11D3-BF4B-00C04F79EFBC}") = "DataAccess", "DataAccess\DataAccess.csproj", "{0BABBFBE-5824-4235-B0EA-845C3C693946}"
EndProject
Project("{FAE04EC0-301F-11D3-BF4B-00C04F79EFBC}") = "BusinessObject", "BusinessObject\BusinessObject.csproj", "{11067DDA-55A5-4B58-AF46-0FEB4C1CA211}"
EndProject
Project("{FAE04EC0-301F-11D3-BF4B-00C04F79EFBC}") = "Repositories", "Repositories\Repositories.csproj", "{BDF1E7A6-3036-4CE4-ABA7-A5172708D1FC}"
EndProject
Global
	GlobalSection(SolutionConfigurationPlatforms) = preSolution
		Debug|Any CPU = Debug|Any CPU
		Release|Any CPU = Release|Any CPU
	EndGlobalSection
	GlobalSection(ProjectConfigurationPlatforms) = postSolution
		{DE615406-AB56-4760-8E20-1A8B0090EE8E}.Debug|Any CPU.ActiveCfg = Debug|Any CPU
		{DE615406-AB56-4760-8E20-1A8B0090EE8E}.Debug|Any CPU.Build.0 = Debug|Any CPU
		{DE615406-AB56-4760-8E20-1A8B0090EE8E}.Release|Any CPU.ActiveCfg = Release|Any CPU
		{DE615406-AB56-4760-8E20-1A8B0090EE8E}.Release|Any CPU.Build.0 = Release|Any CPU
		{0BABBFBE-5824-4235-B0EA-845C3C693946}.Debug|Any CPU.ActiveCfg = Debug|Any CPU
		{0BABBFBE-5824-4235-B0EA-845C3C693946}.Debug|Any CPU.Build.0 = Debug|Any CPU
		{0BABBFBE-5824-4235-B0EA-845C3C693946}.Release|Any CPU.ActiveCfg = Release|Any CPU
		{0BABBFBE-5824-4235-B0EA-845C3C693946}.Release|Any CPU.Build.0 = Release|Any CPU
		{11067DDA-55A5-4B58-AF46-0FEB4C1CA211}.Debug|Any CPU.ActiveCfg = Debug|Any CPU
		{11067DDA-55A5-4B58-AF46-0FEB4C1CA211}.Debug|Any CPU.Build.0 = Debug|Any CPU
		{11067DDA-55A5-4B58-AF46-0FEB4C1CA211}.Release|Any CPU.ActiveCfg = Release|Any CPU
		{11067DDA-55A5-4B58-AF46-0FEB4C1CA211}.Release|Any CPU.Build.0 = Release|Any CPU
		{BDF1E7A6-3036-4CE4-ABA7-A5172708D1FC}.Debug|Any CPU.ActiveCfg = Debug|Any CPU
		{BDF1E7A6-3036-4CE4-ABA7-A5172708D1FC}.Debug|Any CPU.Build.0 = Debug|Any CPU
		{BDF1E7A6-3036-4CE4-ABA7-A5172708D1FC}.Release|Any CPU.ActiveCfg = Release|Any CPU
		{BDF1E7A6-3036-4CE4-ABA7-A5172708D1FC}.Release|Any CPU.Build.0 = Release|Any CPU
	EndGlobalSection
	GlobalSection(SolutionProperties) = preSolution
		HideSolutionNode = FALSE
	EndGlobalSection
	GlobalSection(ExtensibilityGlobals) = postSolution
		SolutionGuid = {82D265DE-41FB-4CF8-A614-631A9371C83F}
	EndGlobalSection
EndGlobal
